{
    "_readme": [
        "This file locks the dependencies of your project to a known state",
        "Read more about it at https://getcomposer.org/doc/01-basic-usage.md#installing-dependencies",
        "This file is @generated automatically"
    ],
    "content-hash": "a5b0afed087764e9724a72cdc44b0943",
    "packages": [
        {
            "name": "adhocore/cli",
            "version": "0.3.3",
            "source": {
                "type": "git",
                "url": "https://github.com/adhocore/php-cli.git",
                "reference": "11a741d4f5a3b05938fc29eb79bcfad2049cb5d5"
            },
            "dist": {
                "type": "zip",
                "url": "https://api.github.com/repos/adhocore/php-cli/zipball/11a741d4f5a3b05938fc29eb79bcfad2049cb5d5",
                "reference": "11a741d4f5a3b05938fc29eb79bcfad2049cb5d5",
                "shasum": ""
            },
            "require": {
                "php": ">=7.0"
            },
            "require-dev": {
                "phpunit/phpunit": "^6.0"
            },
            "type": "library",
            "autoload": {
                "psr-4": {
                    "Ahc\\Cli\\": "src/"
                }
            },
            "notification-url": "https://packagist.org/downloads/",
            "license": [
                "MIT"
            ],
            "authors": [
                {
                    "name": "Jitendra Adhikari",
                    "email": "jiten.adhikary@gmail.com"
                }
            ],
            "description": "Command line interface library for PHP",
            "keywords": [
                "PHP7",
                "argument-parser",
                "argv-parser",
                "cli",
                "cli-action",
                "cli-app",
                "cli-color",
                "cli-option",
                "cli-writer",
                "command",
                "console",
                "console-app",
                "php-cli",
                "stream-input",
                "stream-output"
            ],
            "time": "2019-03-09T06:43:34+00:00"
        },
        {
            "name": "bee-framework/router",
            "version": "v1.2.2",
            "source": {
                "type": "git",
                "url": "https://github.com/NufangTechnology/bee-router.git",
                "reference": "fd9ab331dd775f208aa157d38e86f0b15cce81fd"
            },
            "dist": {
                "type": "zip",
                "url": "https://api.github.com/repos/NufangTechnology/bee-router/zipball/fd9ab331dd775f208aa157d38e86f0b15cce81fd",
                "reference": "fd9ab331dd775f208aa157d38e86f0b15cce81fd",
                "shasum": ""
            },
            "require": {
                "bee-framework/util": "^2.1",
                "php": ">=7.1"
            },
            "type": "library",
            "autoload": {
                "psr-4": {
                    "Bee\\Router\\": "src/"
                }
            },
            "notification-url": "https://packagist.org/downloads/",
            "license": [
                "MIT"
            ],
            "authors": [
                {
                    "name": "沸羊羊",
                    "email": "anoxia@engineer.com"
                }
            ],
            "description": "Bee框架路由组件",
            "time": "2019-06-09T16:02:02+00:00"
        },
        {
            "name": "bee-framework/server",
            "version": "dev-dev",
            "source": {
                "type": "git",
                "url": "https://github.com/NufangTechnology/bee-server.git",
                "reference": "89c6967b30702f594eb3e8ef16fe97b92dee2426"
            },
            "dist": {
                "type": "zip",
                "url": "https://api.github.com/repos/NufangTechnology/bee-server/zipball/89c6967b30702f594eb3e8ef16fe97b92dee2426",
                "reference": "89c6967b30702f594eb3e8ef16fe97b92dee2426",
                "shasum": ""
            },
            "require": {
                "adhocore/cli": "^0.3.3",
                "bee-framework/util": "^2.1",
                "ext-pcntl": "*",
                "ext-swoole": ">=4.2",
                "php": ">=7.2",
                "swoole/ide-helper": "^4.3"
            },
            "type": "library",
            "autoload": {
                "psr-4": {
                    "Bee\\Server\\": "src"
                }
            },
            "notification-url": "https://packagist.org/downloads/",
            "license": [
                "MIT"
            ],
            "authors": [
                {
                    "name": "铁岭王力宏",
                    "email": "anoxia@engineer.com"
                }
            ],
            "description": "Bee框架Server组件",
            "time": "2019-06-09T10:33:15+00:00"
        },
        {
            "name": "bee-framework/util",
            "version": "v2.1.3",
            "source": {
                "type": "git",
                "url": "https://github.com/NufangTechnology/bee-util.git",
                "reference": "79332bfca20f8ac1b1147490f1ce25b13d17dce8"
            },
            "dist": {
                "type": "zip",
                "url": "https://api.github.com/repos/NufangTechnology/bee-util/zipball/79332bfca20f8ac1b1147490f1ce25b13d17dce8",
                "reference": "79332bfca20f8ac1b1147490f1ce25b13d17dce8",
                "shasum": ""
            },
            "require-dev": {
                "phpunit/phpunit": "^7.2"
            },
            "type": "library",
            "autoload": {
                "psr-4": {
                    "Bee\\": "src/"
                }
            },
            "notification-url": "https://packagist.org/downloads/",
            "description": "Bee框架通用类库",
            "time": "2019-03-05T09:30:57+00:00"
        },
        {
            "name": "easyswoole/actor",
            "version": "2.x-dev",
            "source": {
                "type": "git",
                "url": "https://github.com/easy-swoole/actor.git",
                "reference": "51b92ea9f90e84d593b0b922721e9dd59d6d4063"
            },
            "dist": {
                "type": "zip",
                "url": "https://api.github.com/repos/easy-swoole/actor/zipball/51b92ea9f90e84d593b0b922721e9dd59d6d4063",
                "reference": "51b92ea9f90e84d593b0b922721e9dd59d6d4063",
                "shasum": ""
            },
            "require": {
                "easyswoole/component": "^1.3",
                "easyswoole/spl": "^1.1",
                "easyswoole/trigger": "^1.0",
                "easyswoole/utility": "^1.0",
                "ext-swoole": "^4.3.2",
                "php": ">=7.1.0"
            },
            "require-dev": {
                "easyswoole/swoole-ide-helper": "^1.2"
            },
            "type": "library",
            "autoload": {
                "psr-4": {
                    "EasySwoole\\Actor\\": "src/",
                    "EasySwoole\\Actor\\Test\\": "test/"
                }
            },
            "notification-url": "https://packagist.org/downloads/",
            "license": [
                "Apache-2.0"
            ],
            "authors": [
                {
                    "name": "YF",
                    "email": "291323003@qq.com"
                }
            ],
            "description": "easyswoole component",
            "homepage": "https://www.easyswoole.com/",
            "keywords": [
                "async",
                "easyswoole",
                "framework",
                "swoole"
            ],
            "time": "2019-06-05T07:45:16+00:00"
        },
        {
            "name": "easyswoole/component",
            "version": "1.7.4",
            "source": {
                "type": "git",
                "url": "https://github.com/easy-swoole/component.git",
                "reference": "7fa43c53369c087f5304edc084702e39d64471f9"
            },
            "dist": {
                "type": "zip",
                "url": "https://api.github.com/repos/easy-swoole/component/zipball/7fa43c53369c087f5304edc084702e39d64471f9",
                "reference": "7fa43c53369c087f5304edc084702e39d64471f9",
                "shasum": ""
            },
            "require": {
                "easyswoole/spl": "^1.1",
                "easyswoole/utility": "^1.0",
                "ext-swoole": "^4.3.0",
                "php": ">=7.1.0"
            },
            "require-dev": {
                "easyswoole/phpunit": "^1.0",
                "easyswoole/swoole-ide-helper": "^1.2"
            },
            "type": "library",
            "autoload": {
                "psr-4": {
                    "EasySwoole\\Component\\": "src/",
                    "EasySwoole\\Component\\Tests\\": "Tests/"
                }
            },
            "notification-url": "https://packagist.org/downloads/",
            "license": [
                "Apache-2.0"
            ],
            "authors": [
                {
                    "name": "YF",
                    "email": "291323003@qq.com"
                }
            ],
            "description": "easyswoole component",
            "homepage": "https://www.easyswoole.com/",
            "keywords": [
                "async",
                "easyswoole",
                "framework",
                "swoole"
            ],
            "time": "2019-05-31T16:32:21+00:00"
        },
        {
            "name": "easyswoole/log",
            "version": "1.0.3",
            "source": {
                "type": "git",
                "url": "https://github.com/easy-swoole/log.git",
                "reference": "a9f7a8c139523db90992f89a91f2714413f6d637"
            },
            "dist": {
                "type": "zip",
                "url": "https://api.github.com/repos/easy-swoole/log/zipball/a9f7a8c139523db90992f89a91f2714413f6d637",
                "reference": "a9f7a8c139523db90992f89a91f2714413f6d637",
                "shasum": ""
            },
            "type": "library",
            "autoload": {
                "psr-4": {
                    "EasySwoole\\Log\\": "src/"
                }
            },
            "notification-url": "https://packagist.org/downloads/",
            "license": [
                "Apache-2.0"
            ],
            "authors": [
                {
                    "name": "YF",
                    "email": "291323003@qq.com"
                }
            ],
            "description": "An efficient swoole framework",
            "homepage": "https://www.easyswoole.com/",
            "keywords": [
                "async",
                "easyswoole",
                "framework",
                "swoole"
            ],
            "time": "2019-05-30T05:30:17+00:00"
        },
        {
            "name": "easyswoole/spl",
            "version": "1.1.13",
            "source": {
                "type": "git",
                "url": "https://github.com/easy-swoole/spl.git",
                "reference": "50e62c7debc2e22705dc5a4e21794509363aaecc"
            },
            "dist": {
                "type": "zip",
                "url": "https://api.github.com/repos/easy-swoole/spl/zipball/50e62c7debc2e22705dc5a4e21794509363aaecc",
                "reference": "50e62c7debc2e22705dc5a4e21794509363aaecc",
                "shasum": ""
            },
            "require": {
                "php": ">=7.1.0"
            },
            "require-dev": {
                "phpunit/phpunit": "^8.1"
            },
            "type": "library",
            "autoload": {
                "psr-4": {
                    "EasySwoole\\Spl\\": "src/"
                }
            },
            "notification-url": "https://packagist.org/downloads/",
            "license": [
                "Apache-2.0"
            ],
            "authors": [
                {
                    "name": "YF",
                    "email": "291323003@qq.com"
                }
            ],
            "description": "php stander lib",
            "homepage": "https://www.easyswoole.com/",
            "keywords": [
                "async",
                "easyswoole",
                "framework",
                "swoole"
            ],
            "time": "2019-05-21T05:25:46+00:00"
        },
        {
            "name": "easyswoole/trigger",
            "version": "1.0.0",
            "source": {
                "type": "git",
                "url": "https://github.com/easy-swoole/trigger.git",
                "reference": "f449f974d6645342134f455ce4a6885c8ad3a92e"
            },
            "dist": {
                "type": "zip",
                "url": "https://api.github.com/repos/easy-swoole/trigger/zipball/f449f974d6645342134f455ce4a6885c8ad3a92e",
                "reference": "f449f974d6645342134f455ce4a6885c8ad3a92e",
                "shasum": ""
            },
            "require": {
                "easyswoole/log": "^1.0"
            },
            "type": "library",
            "autoload": {
                "psr-4": {
                    "EasySwoole\\Trigger\\": "src/"
                }
            },
            "notification-url": "https://packagist.org/downloads/",
            "license": [
                "Apache-2.0"
            ],
            "authors": [
                {
                    "name": "YF",
                    "email": "291323003@qq.com"
                }
            ],
            "description": "An efficient swoole framework",
            "homepage": "https://www.easyswoole.com/",
            "keywords": [
                "async",
                "easyswoole",
                "framework",
                "swoole"
            ],
            "time": "2019-05-29T15:33:12+00:00"
        },
        {
            "name": "easyswoole/utility",
            "version": "1.1.0",
            "source": {
                "type": "git",
                "url": "https://github.com/easy-swoole/utility.git",
                "reference": "8281bcee8f901b33a5bcbec663b029d216f0c86a"
            },
            "dist": {
                "type": "zip",
                "url": "https://api.github.com/repos/easy-swoole/utility/zipball/8281bcee8f901b33a5bcbec663b029d216f0c86a",
                "reference": "8281bcee8f901b33a5bcbec663b029d216f0c86a",
                "shasum": ""
            },
            "require": {
                "php": ">=7.1.0"
            },
            "type": "library",
            "autoload": {
                "psr-4": {
                    "EasySwoole\\Utility\\": "src/"
                }
            },
            "notification-url": "https://packagist.org/downloads/",
            "license": [
                "Apache-2.0"
            ],
            "authors": [
                {
                    "name": "evalor",
                    "email": "mipone@foxmail.com"
                }
            ],
            "description": "easyswoole extension tool library",
            "time": "2019-06-01T15:14:12+00:00"
        },
        {
            "name": "swoole/ide-helper",
            "version": "4.3.4",
            "source": {
                "type": "git",
                "url": "https://github.com/swoole/ide-helper.git",
                "reference": "7035aeb5c6d42c22b44aef1304aac62d6733b5e5"
            },
            "dist": {
                "type": "zip",
                "url": "https://api.github.com/repos/swoole/ide-helper/zipball/7035aeb5c6d42c22b44aef1304aac62d6733b5e5",
                "reference": "7035aeb5c6d42c22b44aef1304aac62d6733b5e5",
                "shasum": ""
            },
            "require-dev": {
                "squizlabs/php_codesniffer": "~3.4.0",
                "zendframework/zend-code": "~3.3.0"
            },
            "type": "library",
            "autoload": {
                "psr-4": {
                    "Swoole\\IDEHelper\\": "src/"
                }
            },
            "notification-url": "https://packagist.org/downloads/",
            "license": [
                "Apache-2.0"
            ],
            "authors": [
                {
                    "name": "Team Swoole",
                    "email": "team@swoole.com"
                }
            ],
            "description": "IDE help files for Swoole.",
            "time": "2019-05-22T19:49:35+00:00"
        }
    ],
    "packages-dev": [],
    "aliases": [],
    "minimum-stability": "stable",
    "stability-flags": {
        "bee-framework/server": 20,
        "easyswoole/actor": 20
    },
    "prefer-stable": false,
    "prefer-lowest": false,
    "platform": [],
    "platform-dev": []
}
